
Microsoft Visual Studio Solution File, Format Version 12.00
# Visual Studio Version 17
VisualStudioVersion = 17.5.002.0
MinimumVisualStudioVersion = 10.0.40219.1
Project("{FAE04EC0-301F-11D3-BF4B-00C04F79EFBC}") = "Auctions.Models", "Auctions.models\Auctions.Models.csproj", "{E31531E9-520F-4728-A02A-59224823C705}"
EndProject
Project("{FAE04EC0-301F-11D3-BF4B-00C04F79EFBC}") = "Auctions.DbContext", "Auctions.DbContext\Auctions.DbContext.csproj", "{95D065BB-54AF-4AB9-A6EF-2DC0A36513AA}"
EndProject
Project("{FAE04EC0-301F-11D3-BF4B-00C04F79EFBC}") = "AuctionApp", "AuctionApp\AuctionApp.csproj", "{DE4A94A6-9C8B-4980-8356-34403679B843}"
EndProject
Global
	GlobalSection(SolutionConfigurationPlatforms) = preSolution
		Debug|Any CPU = Debug|Any CPU
		Release|Any CPU = Release|Any CPU
	EndGlobalSection
	GlobalSection(ProjectConfigurationPlatforms) = postSolution
		{E31531E9-520F-4728-A02A-59224823C705}.Debug|Any CPU.ActiveCfg = Debug|Any CPU
		{E31531E9-520F-4728-A02A-59224823C705}.Debug|Any CPU.Build.0 = Debug|Any CPU
		{E31531E9-520F-4728-A02A-59224823C705}.Release|Any CPU.ActiveCfg = Release|Any CPU
		{E31531E9-520F-4728-A02A-59224823C705}.Release|Any CPU.Build.0 = Release|Any CPU
		{95D065BB-54AF-4AB9-A6EF-2DC0A36513AA}.Debug|Any CPU.ActiveCfg = Debug|Any CPU
		{95D065BB-54AF-4AB9-A6EF-2DC0A36513AA}.Debug|Any CPU.Build.0 = Debug|Any CPU
		{95D065BB-54AF-4AB9-A6EF-2DC0A36513AA}.Release|Any CPU.ActiveCfg = Release|Any CPU
		{95D065BB-54AF-4AB9-A6EF-2DC0A36513AA}.Release|Any CPU.Build.0 = Release|Any CPU
		{DE4A94A6-9C8B-4980-8356-34403679B843}.Debug|Any CPU.ActiveCfg = Debug|Any CPU
		{DE4A94A6-9C8B-4980-8356-34403679B843}.Debug|Any CPU.Build.0 = Debug|Any CPU
		{DE4A94A6-9C8B-4980-8356-34403679B843}.Release|Any CPU.ActiveCfg = Release|Any CPU
		{DE4A94A6-9C8B-4980-8356-34403679B843}.Release|Any CPU.Build.0 = Release|Any CPU
	EndGlobalSection
	GlobalSection(SolutionProperties) = preSolution
		HideSolutionNode = FALSE
	EndGlobalSection
	GlobalSection(ExtensibilityGlobals) = postSolution
		SolutionGuid = {393587E2-521C-4BA4-A1D7-2D3C969BE02E}
	EndGlobalSection
EndGlobal
