
Microsoft Visual Studio Solution File, Format Version 12.00
# Visual Studio Version 17
VisualStudioVersion = 17.0.31903.59
MinimumVisualStudioVersion = 10.0.40219.1
Project("{2150E333-8FDC-42A3-9474-1A3956D46DE8}") = "AuctionApp", "AuctionApp", "{D74BD7AE-7435-4DED-8A50-DDD420113566}"
EndProject
Project("{FAE04EC0-301F-11D3-BF4B-00C04F79EFBC}") = "AuctionApp.Client", "AuctionApp\AuctionApp.Client\AuctionApp.Client.csproj", "{8186711C-8259-45E6-8869-CE3114C220B9}"
EndProject
Project("{FAE04EC0-301F-11D3-BF4B-00C04F79EFBC}") = "AuctionApp", "AuctionApp\AuctionApp\AuctionApp.csproj", "{4F80301A-0D82-48FF-9AD6-BBD98673E6E2}"
EndProject
Global
	GlobalSection(SolutionConfigurationPlatforms) = preSolution
		Debug|Any CPU = Debug|Any CPU
		Release|Any CPU = Release|Any CPU
	EndGlobalSection
	GlobalSection(SolutionProperties) = preSolution
		HideSolutionNode = FALSE
	EndGlobalSection
	GlobalSection(ProjectConfigurationPlatforms) = postSolution
		{8186711C-8259-45E6-8869-CE3114C220B9}.Debug|Any CPU.ActiveCfg = Debug|Any CPU
		{8186711C-8259-45E6-8869-CE3114C220B9}.Debug|Any CPU.Build.0 = Debug|Any CPU
		{8186711C-8259-45E6-8869-CE3114C220B9}.Release|Any CPU.ActiveCfg = Release|Any CPU
		{8186711C-8259-45E6-8869-CE3114C220B9}.Release|Any CPU.Build.0 = Release|Any CPU
		{4F80301A-0D82-48FF-9AD6-BBD98673E6E2}.Debug|Any CPU.ActiveCfg = Debug|Any CPU
		{4F80301A-0D82-48FF-9AD6-BBD98673E6E2}.Debug|Any CPU.Build.0 = Debug|Any CPU
		{4F80301A-0D82-48FF-9AD6-BBD98673E6E2}.Release|Any CPU.ActiveCfg = Release|Any CPU
		{4F80301A-0D82-48FF-9AD6-BBD98673E6E2}.Release|Any CPU.Build.0 = Release|Any CPU
	EndGlobalSection
	GlobalSection(NestedProjects) = preSolution
		{8186711C-8259-45E6-8869-CE3114C220B9} = {D74BD7AE-7435-4DED-8A50-DDD420113566}
		{4F80301A-0D82-48FF-9AD6-BBD98673E6E2} = {D74BD7AE-7435-4DED-8A50-DDD420113566}
	EndGlobalSection
EndGlobal
