
Microsoft Visual Studio Solution File, Format Version 12.00
# Visual Studio Version 17
VisualStudioVersion = 17.5.002.0
MinimumVisualStudioVersion = 10.0.40219.1
Project("{FAE04EC0-301F-11D3-BF4B-00C04F79EFBC}") = "HolidayDessertStore", "HolidayDessertStore\HolidayDessertStore.csproj", "{4FF18C2D-F7D7-4CDA-B9A6-B61B3B9872EE}"
EndProject
Global
	GlobalSection(SolutionConfigurationPlatforms) = preSolution
		Debug|Any CPU = Debug|Any CPU
		Release|Any CPU = Release|Any CPU
	EndGlobalSection
	GlobalSection(ProjectConfigurationPlatforms) = postSolution
		{4FF18C2D-F7D7-4CDA-B9A6-B61B3B9872EE}.Debug|Any CPU.ActiveCfg = Debug|Any CPU
		{4FF18C2D-F7D7-4CDA-B9A6-B61B3B9872EE}.Debug|Any CPU.Build.0 = Debug|Any CPU
		{4FF18C2D-F7D7-4CDA-B9A6-B61B3B9872EE}.Release|Any CPU.ActiveCfg = Release|Any CPU
		{4FF18C2D-F7D7-4CDA-B9A6-B61B3B9872EE}.Release|Any CPU.Build.0 = Release|Any CPU
	EndGlobalSection
	GlobalSection(SolutionProperties) = preSolution
		HideSolutionNode = FALSE
	EndGlobalSection
	GlobalSection(ExtensibilityGlobals) = postSolution
		SolutionGuid = {61CB98A3-2472-4C7B-809D-A484A59E0F46}
	EndGlobalSection
EndGlobal
