Microsoft Visual Studio Solution File, Format Version 12.00
# Visual Studio Version 16
VisualStudioVersion = 16.0.0.0
MinimumVisualStudioVersion = 16.0.0.0
Project("{9A19103F-16F7-4668-BE54-9A1E7A4F7556}") = "AuctionApp", "AuctionApp\AuctionApp.csproj", "{DC20D16C-E566-473F-9E54-108EFCE96A48}"
EndProject
Project("{9A19103F-16F7-4668-BE54-9A1E7A4F7556}") = "AuctionApp.Client", "AuctionApp.Client\AuctionApp.Client.csproj", "{54528BF7-4A4A-4D83-BC59-E5F21339E4C9}"
EndProject
Project("{FAE04EC0-301F-11D3-BF4B-00C04F79EFBC}") = "Auctions.DbContext", "Auctions.DbContext\Auctions.DbContext.csproj", "{2BBCC90E-DC8A-4A24-805A-D65ED453B4C0}"
EndProject
Project("{FAE04EC0-301F-11D3-BF4B-00C04F79EFBC}") = "Auctions.Models", "Auctions.Models\Auctions.Models.csproj", "{5C7FAECF-5CF8-4B4D-A70E-D09F79972693}"
EndProject
Global
	GlobalSection(SolutionConfigurationPlatforms) = preSolution
		Debug|Any CPU = Debug|Any CPU
		Debug|x64 = Debug|x64
		Debug|x86 = Debug|x86
		Release|Any CPU = Release|Any CPU
		Release|x64 = Release|x64
		Release|x86 = Release|x86
	EndGlobalSection
	GlobalSection(ProjectConfigurationPlatforms) = postSolution
		{54528BF7-4A4A-4D83-BC59-E5F21339E4C9}.Debug|Any CPU.ActiveCfg = Debug|Any CPU
		{54528BF7-4A4A-4D83-BC59-E5F21339E4C9}.Debug|Any CPU.Build.0 = Debug|Any CPU
		{54528BF7-4A4A-4D83-BC59-E5F21339E4C9}.Debug|x64.ActiveCfg = Debug|Any CPU
		{54528BF7-4A4A-4D83-BC59-E5F21339E4C9}.Debug|x64.Build.0 = Debug|Any CPU
		{54528BF7-4A4A-4D83-BC59-E5F21339E4C9}.Debug|x86.ActiveCfg = Debug|Any CPU
		{54528BF7-4A4A-4D83-BC59-E5F21339E4C9}.Debug|x86.Build.0 = Debug|Any CPU
		{54528BF7-4A4A-4D83-BC59-E5F21339E4C9}.Release|Any CPU.ActiveCfg = Release|Any CPU
		{54528BF7-4A4A-4D83-BC59-E5F21339E4C9}.Release|Any CPU.Build.0 = Release|Any CPU
		{54528BF7-4A4A-4D83-BC59-E5F21339E4C9}.Release|x64.ActiveCfg = Release|Any CPU
		{54528BF7-4A4A-4D83-BC59-E5F21339E4C9}.Release|x64.Build.0 = Release|Any CPU
		{54528BF7-4A4A-4D83-BC59-E5F21339E4C9}.Release|x86.ActiveCfg = Release|Any CPU
		{54528BF7-4A4A-4D83-BC59-E5F21339E4C9}.Release|x86.Build.0 = Release|Any CPU
		{DC20D16C-E566-473F-9E54-108EFCE96A48}.Debug|Any CPU.ActiveCfg = Debug|Any CPU
		{DC20D16C-E566-473F-9E54-108EFCE96A48}.Debug|Any CPU.Build.0 = Debug|Any CPU
		{DC20D16C-E566-473F-9E54-108EFCE96A48}.Debug|x64.ActiveCfg = Debug|Any CPU
		{DC20D16C-E566-473F-9E54-108EFCE96A48}.Debug|x64.Build.0 = Debug|Any CPU
		{DC20D16C-E566-473F-9E54-108EFCE96A48}.Debug|x86.ActiveCfg = Debug|Any CPU
		{DC20D16C-E566-473F-9E54-108EFCE96A48}.Debug|x86.Build.0 = Debug|Any CPU
		{DC20D16C-E566-473F-9E54-108EFCE96A48}.Release|Any CPU.ActiveCfg = Release|Any CPU
		{DC20D16C-E566-473F-9E54-108EFCE96A48}.Release|Any CPU.Build.0 = Release|Any CPU
		{DC20D16C-E566-473F-9E54-108EFCE96A48}.Release|x64.ActiveCfg = Release|Any CPU
		{DC20D16C-E566-473F-9E54-108EFCE96A48}.Release|x64.Build.0 = Release|Any CPU
		{DC20D16C-E566-473F-9E54-108EFCE96A48}.Release|x86.ActiveCfg = Release|Any CPU
		{DC20D16C-E566-473F-9E54-108EFCE96A48}.Release|x86.Build.0 = Release|Any CPU
		{2BBCC90E-DC8A-4A24-805A-D65ED453B4C0}.Debug|Any CPU.ActiveCfg = Debug|Any CPU
		{2BBCC90E-DC8A-4A24-805A-D65ED453B4C0}.Debug|Any CPU.Build.0 = Debug|Any CPU
		{2BBCC90E-DC8A-4A24-805A-D65ED453B4C0}.Debug|x64.ActiveCfg = Debug|Any CPU
		{2BBCC90E-DC8A-4A24-805A-D65ED453B4C0}.Debug|x64.Build.0 = Debug|Any CPU
		{2BBCC90E-DC8A-4A24-805A-D65ED453B4C0}.Debug|x86.ActiveCfg = Debug|Any CPU
		{2BBCC90E-DC8A-4A24-805A-D65ED453B4C0}.Debug|x86.Build.0 = Debug|Any CPU
		{2BBCC90E-DC8A-4A24-805A-D65ED453B4C0}.Release|Any CPU.ActiveCfg = Release|Any CPU
		{2BBCC90E-DC8A-4A24-805A-D65ED453B4C0}.Release|Any CPU.Build.0 = Release|Any CPU
		{2BBCC90E-DC8A-4A24-805A-D65ED453B4C0}.Release|x64.ActiveCfg = Release|Any CPU
		{2BBCC90E-DC8A-4A24-805A-D65ED453B4C0}.Release|x64.Build.0 = Release|Any CPU
		{2BBCC90E-DC8A-4A24-805A-D65ED453B4C0}.Release|x86.ActiveCfg = Release|Any CPU
		{2BBCC90E-DC8A-4A24-805A-D65ED453B4C0}.Release|x86.Build.0 = Release|Any CPU
		{5C7FAECF-5CF8-4B4D-A70E-D09F79972693}.Debug|Any CPU.ActiveCfg = Debug|Any CPU
		{5C7FAECF-5CF8-4B4D-A70E-D09F79972693}.Debug|Any CPU.Build.0 = Debug|Any CPU
		{5C7FAECF-5CF8-4B4D-A70E-D09F79972693}.Debug|x64.ActiveCfg = Debug|Any CPU
		{5C7FAECF-5CF8-4B4D-A70E-D09F79972693}.Debug|x64.Build.0 = Debug|Any CPU
		{5C7FAECF-5CF8-4B4D-A70E-D09F79972693}.Debug|x86.ActiveCfg = Debug|Any CPU
		{5C7FAECF-5CF8-4B4D-A70E-D09F79972693}.Debug|x86.Build.0 = Debug|Any CPU
		{5C7FAECF-5CF8-4B4D-A70E-D09F79972693}.Release|Any CPU.ActiveCfg = Release|Any CPU
		{5C7FAECF-5CF8-4B4D-A70E-D09F79972693}.Release|Any CPU.Build.0 = Release|Any CPU
		{5C7FAECF-5CF8-4B4D-A70E-D09F79972693}.Release|x64.ActiveCfg = Release|Any CPU
		{5C7FAECF-5CF8-4B4D-A70E-D09F79972693}.Release|x64.Build.0 = Release|Any CPU
		{5C7FAECF-5CF8-4B4D-A70E-D09F79972693}.Release|x86.ActiveCfg = Release|Any CPU
		{5C7FAECF-5CF8-4B4D-A70E-D09F79972693}.Release|x86.Build.0 = Release|Any CPU
	EndGlobalSection
	GlobalSection(SolutionProperties) = preSolution
		HideSolutionNode = FALSE
	EndGlobalSection
	GlobalSection(ExtensibilityGlobals) = postSolution
		SolutionGuid = {FF73920B-D7F0-4347-9358-653E2881B358}
	EndGlobalSection
EndGlobal
